Microsoft Visual Studio Solution File, Format Version 11.00
# Visual Studio 2008

Project("{D297302C-E02E-ADF2-B13C-876EE7C90EDF}") = "ReplaceBuildings", "Assembly-CSharp.csproj", "{76D810C2-A50C-B6C9-6149-EC793D660B67}"
EndProject
Global
	GlobalSection(SolutionConfigurationPlatforms) = preSolution
		Debug|Any CPU = Debug|Any CPU
		Release|Any CPU = Release|Any CPU
	EndGlobalSection
	GlobalSection(ProjectConfigurationPlatforms) = postSolution
		{76D810C2-A50C-B6C9-6149-EC793D660B67}.Debug|Any CPU.ActiveCfg = Debug|Any CPU
		{76D810C2-A50C-B6C9-6149-EC793D660B67}.Debug|Any CPU.Build.0 = Debug|Any CPU
		{76D810C2-A50C-B6C9-6149-EC793D660B67}.Release|Any CPU.ActiveCfg = Release|Any CPU
		{76D810C2-A50C-B6C9-6149-EC793D660B67}.Release|Any CPU.Build.0 = Release|Any CPU
	EndGlobalSection
	GlobalSection(SolutionProperties) = preSolution
		HideSolutionNode = FALSE
	EndGlobalSection
	GlobalSection(MonoDevelopProperties) = preSolution
		StartupItem = Assembly-CSharp.csproj
	EndGlobalSection
EndGlobal
