Microsoft Visual Studio Solution File, Format Version 11.00
# Visual Studio 2008

Project("{54761E77-5226-AAC8-FAB2-41C372750AF8}") = "Project Groningen", "Assembly-CSharp-firstpass.csproj", "{87478CE6-B4A3-9574-7580-27F67FC79572}"
EndProject
Project("{54761E77-5226-AAC8-FAB2-41C372750AF8}") = "Project Groningen", "Assembly-CSharp.csproj", "{0EF225FB-9A07-CFBA-1440-ADAAFF877BF7}"
EndProject
Project("{54761E77-5226-AAC8-FAB2-41C372750AF8}") = "Project Groningen", "Assembly-CSharp-Editor.csproj", "{5F92A212-236C-156E-2AFD-5FCE36A1A364}"
EndProject
Global
	GlobalSection(SolutionConfigurationPlatforms) = preSolution
		Debug|Any CPU = Debug|Any CPU
		Release|Any CPU = Release|Any CPU
	EndGlobalSection
	GlobalSection(ProjectConfigurationPlatforms) = postSolution
		{87478CE6-B4A3-9574-7580-27F67FC79572}.Debug|Any CPU.ActiveCfg = Debug|Any CPU
		{87478CE6-B4A3-9574-7580-27F67FC79572}.Debug|Any CPU.Build.0 = Debug|Any CPU
		{87478CE6-B4A3-9574-7580-27F67FC79572}.Release|Any CPU.ActiveCfg = Release|Any CPU
		{87478CE6-B4A3-9574-7580-27F67FC79572}.Release|Any CPU.Build.0 = Release|Any CPU
		{0EF225FB-9A07-CFBA-1440-ADAAFF877BF7}.Debug|Any CPU.ActiveCfg = Debug|Any CPU
		{0EF225FB-9A07-CFBA-1440-ADAAFF877BF7}.Debug|Any CPU.Build.0 = Debug|Any CPU
		{0EF225FB-9A07-CFBA-1440-ADAAFF877BF7}.Release|Any CPU.ActiveCfg = Release|Any CPU
		{0EF225FB-9A07-CFBA-1440-ADAAFF877BF7}.Release|Any CPU.Build.0 = Release|Any CPU
		{5F92A212-236C-156E-2AFD-5FCE36A1A364}.Debug|Any CPU.ActiveCfg = Debug|Any CPU
		{5F92A212-236C-156E-2AFD-5FCE36A1A364}.Debug|Any CPU.Build.0 = Debug|Any CPU
		{5F92A212-236C-156E-2AFD-5FCE36A1A364}.Release|Any CPU.ActiveCfg = Release|Any CPU
		{5F92A212-236C-156E-2AFD-5FCE36A1A364}.Release|Any CPU.Build.0 = Release|Any CPU
	EndGlobalSection
	GlobalSection(SolutionProperties) = preSolution
		HideSolutionNode = FALSE
	EndGlobalSection
	GlobalSection(MonoDevelopProperties) = preSolution
		StartupItem = Assembly-CSharp.csproj
	EndGlobalSection
EndGlobal
