Microsoft Visual Studio Solution File, Format Version 11.00
# Visual Studio 2008

Project("{117E624B-BBD5-AFC7-5A31-50BA85D3CB93}") = "Raycast", "Assembly-CSharp.csproj", "{67B434B2-2638-DAB6-9868-0419F6C2C6FF}"
EndProject
Global
	GlobalSection(SolutionConfigurationPlatforms) = preSolution
		Debug|Any CPU = Debug|Any CPU
		Release|Any CPU = Release|Any CPU
	EndGlobalSection
	GlobalSection(ProjectConfigurationPlatforms) = postSolution
		{67B434B2-2638-DAB6-9868-0419F6C2C6FF}.Debug|Any CPU.ActiveCfg = Debug|Any CPU
		{67B434B2-2638-DAB6-9868-0419F6C2C6FF}.Debug|Any CPU.Build.0 = Debug|Any CPU
		{67B434B2-2638-DAB6-9868-0419F6C2C6FF}.Release|Any CPU.ActiveCfg = Release|Any CPU
		{67B434B2-2638-DAB6-9868-0419F6C2C6FF}.Release|Any CPU.Build.0 = Release|Any CPU
	EndGlobalSection
	GlobalSection(SolutionProperties) = preSolution
		HideSolutionNode = FALSE
	EndGlobalSection
	GlobalSection(MonoDevelopProperties) = preSolution
		StartupItem = Assembly-CSharp.csproj
	EndGlobalSection
EndGlobal
