
Microsoft Visual Studio Solution File, Format Version 12.00
# Visual Studio 2015
Project("{FAE04EC0-301F-11D3-BF4B-00C04F79EFBC}") = "Main Project.CSharp.Plugins", "Main Project.CSharp.Plugins.csproj", "{4427D003-B8F1-3C64-8B13-7096FC291A36}"
EndProject
Project("{FAE04EC0-301F-11D3-BF4B-00C04F79EFBC}") = "Main Project.CSharp", "Main Project.CSharp.csproj", "{E8A8CA66-B565-C87F-55BB-ED2A7AE77FD8}"
EndProject
Project("{FAE04EC0-301F-11D3-BF4B-00C04F79EFBC}") = "Main Project.CSharp.Editor", "Main Project.CSharp.Editor.csproj", "{94C46E40-77ED-37DE-E201-C95C5293246B}"
EndProject
Global
	GlobalSection(SolutionConfigurationPlatforms) = preSolution
		Debug|Any CPU = Debug|Any CPU
		Release|Any CPU = Release|Any CPU
	EndGlobalSection
	GlobalSection(ProjectConfigurationPlatforms) = postSolution
		{4427D003-B8F1-3C64-8B13-7096FC291A36}.Debug|Any CPU.ActiveCfg = Debug|Any CPU
		{4427D003-B8F1-3C64-8B13-7096FC291A36}.Debug|Any CPU.Build.0 = Debug|Any CPU
		{4427D003-B8F1-3C64-8B13-7096FC291A36}.Release|Any CPU.ActiveCfg = Release|Any CPU
		{4427D003-B8F1-3C64-8B13-7096FC291A36}.Release|Any CPU.Build.0 = Release|Any CPU
		{E8A8CA66-B565-C87F-55BB-ED2A7AE77FD8}.Debug|Any CPU.ActiveCfg = Debug|Any CPU
		{E8A8CA66-B565-C87F-55BB-ED2A7AE77FD8}.Debug|Any CPU.Build.0 = Debug|Any CPU
		{E8A8CA66-B565-C87F-55BB-ED2A7AE77FD8}.Release|Any CPU.ActiveCfg = Release|Any CPU
		{E8A8CA66-B565-C87F-55BB-ED2A7AE77FD8}.Release|Any CPU.Build.0 = Release|Any CPU
		{94C46E40-77ED-37DE-E201-C95C5293246B}.Debug|Any CPU.ActiveCfg = Debug|Any CPU
		{94C46E40-77ED-37DE-E201-C95C5293246B}.Debug|Any CPU.Build.0 = Debug|Any CPU
		{94C46E40-77ED-37DE-E201-C95C5293246B}.Release|Any CPU.ActiveCfg = Release|Any CPU
		{94C46E40-77ED-37DE-E201-C95C5293246B}.Release|Any CPU.Build.0 = Release|Any CPU
	EndGlobalSection
	GlobalSection(SolutionProperties) = preSolution
		HideSolutionNode = FALSE
	EndGlobalSection
EndGlobal
