Microsoft Visual Studio Solution File, Format Version 11.00
# Visual Studio 2008

Project("{4D126A75-D862-EB82-949B-829F1528067D}") = "Merge Version", "Assembly-CSharp.csproj", "{77983485-6EA7-EAC3-3952-07B3DEB5C3D2}"
EndProject
Global
	GlobalSection(SolutionConfigurationPlatforms) = preSolution
		Debug|Any CPU = Debug|Any CPU
		Release|Any CPU = Release|Any CPU
	EndGlobalSection
	GlobalSection(ProjectConfigurationPlatforms) = postSolution
		{77983485-6EA7-EAC3-3952-07B3DEB5C3D2}.Debug|Any CPU.ActiveCfg = Debug|Any CPU
		{77983485-6EA7-EAC3-3952-07B3DEB5C3D2}.Debug|Any CPU.Build.0 = Debug|Any CPU
		{77983485-6EA7-EAC3-3952-07B3DEB5C3D2}.Release|Any CPU.ActiveCfg = Release|Any CPU
		{77983485-6EA7-EAC3-3952-07B3DEB5C3D2}.Release|Any CPU.Build.0 = Release|Any CPU
	EndGlobalSection
	GlobalSection(SolutionProperties) = preSolution
		HideSolutionNode = FALSE
	EndGlobalSection
	GlobalSection(MonoDevelopProperties) = preSolution
		StartupItem = Assembly-CSharp.csproj
	EndGlobalSection
EndGlobal
